
Microsoft Visual Studio Solution File, Format Version 12.00
# Visual Studio Version 16
VisualStudioVersion = 16.0.808.4
MinimumVisualStudioVersion = 10.0.40219.1
Project("{FAE04EC0-301F-11D3-BF4B-00C04F79EFBC}") = "Assignment_1", "Assignment_1\Assignment_1.csproj", "{D1E2ABDB-347D-4C9C-8925-1CACC911D63D}"
EndProject
Global
	GlobalSection(SolutionConfigurationPlatforms) = preSolution
		Debug|Any CPU = Debug|Any CPU
		Release|Any CPU = Release|Any CPU
	EndGlobalSection
	GlobalSection(ProjectConfigurationPlatforms) = postSolution
		{D1E2ABDB-347D-4C9C-8925-1CACC911D63D}.Debug|Any CPU.ActiveCfg = Debug|Any CPU
		{D1E2ABDB-347D-4C9C-8925-1CACC911D63D}.Debug|Any CPU.Build.0 = Debug|Any CPU
		{D1E2ABDB-347D-4C9C-8925-1CACC911D63D}.Release|Any CPU.ActiveCfg = Release|Any CPU
		{D1E2ABDB-347D-4C9C-8925-1CACC911D63D}.Release|Any CPU.Build.0 = Release|Any CPU
	EndGlobalSection
	GlobalSection(SolutionProperties) = preSolution
		HideSolutionNode = FALSE
	EndGlobalSection
	GlobalSection(ExtensibilityGlobals) = postSolution
		SolutionGuid = {1BD45496-105D-4470-BE37-CA1DA707DAA6}
	EndGlobalSection
EndGlobal
